// !$*UTF8*$!
{
	archiveVersion = 1;
	classes = {
	};
	objectVersion = 46;
	objects = {

/* Begin PBXBuildFile section */
		7A8306561C051A0C00FE4C43 /* AppDelegate.swift in Sources */ = {isa = PBXBuildFile; fileRef = 7A8306551C051A0C00FE4C43 /* AppDelegate.swift */; };
		7A8306581C051A0C00FE4C43 /* ViewController.swift in Sources */ = {isa = PBXBuildFile; fileRef = 7A8306571C051A0C00FE4C43 /* ViewController.swift */; };
		7A83065B1C051A0C00FE4C43 /* Main.storyboard in Resources */ = {isa = PBXBuildFile; fileRef = 7A8306591C051A0C00FE4C43 /* Main.storyboard */; };
		7A83065E1C051A0C00FE4C43 /* MyFirstApp.xcdatamodeld in Sources */ = {isa = PBXBuildFile; fileRef = 7A83065C1C051A0C00FE4C43 /* MyFirstApp.xcdatamodeld */; };
		7A8306601C051A0C00FE4C43 /* Assets.xcassets in Resources */ = {isa = PBXBuildFile; fileRef = 7A83065F1C051A0C00FE4C43 /* Assets.xcassets */; };
		7A8306631C051A0C00FE4C43 /* LaunchScreen.storyboard in Resources */ = {isa = PBXBuildFile; fileRef = 7A8306611C051A0C00FE4C43 /* LaunchScreen.storyboard */; };
		7A83066E1C051A0C00FE4C43 /* MyFirstAppTests.swift in Sources */ = {isa = PBXBuildFile; fileRef = 7A83066D1C051A0C00FE4C43 /* MyFirstAppTests.swift */; };
		7A8306791C051A0C00FE4C43 /* MyFirstAppUITests.swift in Sources */ = {isa = PBXBuildFile; fileRef = 7A8306781C051A0C00FE4C43 /* MyFirstAppUITests.swift */; };
/* End PBXBuildFile section */

/* Begin PBXContainerItemProxy section */
		7A83066A1C051A0C00FE4C43 /* PBXContainerItemProxy */ = {
			isa = PBXContainerItemProxy;
			containerPortal = 7A83064A1C051A0C00FE4C43 /* Project object */;
			proxyType = 1;
			remoteGlobalIDString = 7A8306511C051A0C00FE4C43;
			remoteInfo = MyFirstApp;
		};
		7A8306751C051A0C00FE4C43 /* PBXContainerItemProxy */ = {
			isa = PBXContainerItemProxy;
			containerPortal = 7A83064A1C051A0C00FE4C43 /* Project object */;
			proxyType = 1;
			remoteGlobalIDString = 7A8306511C051A0C00FE4C43;
			remoteInfo = MyFirstApp;
		};
/* End PBXContainerItemProxy section */

/* Begin PBXFileReference section */
		7A8306521C051A0C00FE4C43 /* MyFirstApp.app */ = {isa = PBXFileReference; explicitFileType = wrapper.application; includeInIndex = 0; path = MyFirstApp.app; sourceTree = BUILT_PRODUCTS_DIR; };
		7A8306551C051A0C00FE4C43 /* AppDelegate.swift */ = {isa = PBXFileReference; lastKnownFileType = sourcecode.swift; path = AppDelegate.swift; sourceTree = "<group>"; };
		7A8306571C051A0C00FE4C43 /* ViewController.swift */ = {isa = PBXFileReference; lastKnownFileType = sourcecode.swift; path = ViewController.swift; sourceTree = "<group>"; };
		7A83065A1C051A0C00FE4C43 /* Base */ = {isa = PBXFileReference; lastKnownFileType = file.storyboard; name = Base; path = Base.lproj/Main.storyboard; sourceTree = "<group>"; };
		7A83065D1C051A0C00FE4C43 /* MyFirstApp.xcdatamodel */ = {isa = PBXFileReference; lastKnownFileType = wrapper.xcdatamodel; path = MyFirstApp.xcdatamodel; sourceTree = "<group>"; };
		7A83065F1C051A0C00FE4C43 /* Assets.xcassets */ = {isa = PBXFileReference; lastKnownFileType = folder.assetcatalog; path = Assets.xcassets; sourceTree = "<group>"; };
		7A8306621C051A0C00FE4C43 /* Base */ = {isa = PBXFileReference; lastKnownFileType = file.storyboard; name = Base; path = Base.lproj/LaunchScreen.storyboard; sourceTree = "<group>"; };
		7A8306641C051A0C00FE4C43 /* Info.plist */ = {isa = PBXFileReference; lastKnownFileType = text.plist.xml; path = Info.plist; sourceTree = "<group>"; };
		7A8306691C051A0C00FE4C43 /* MyFirstAppTests.xctest */ = {isa = PBXFileReference; explicitFileType = wrapper.cfbundle; includeInIndex = 0; path = MyFirstAppTests.xctest; sourceTree = BUILT_PRODUCTS_DIR; };
		7A83066D1C051A0C00FE4C43 /* MyFirstAppTests.swift */ = {isa = PBXFileReference; lastKnownFileType = sourcecode.swift; path = MyFirstAppTests.swift; sourceTree = "<group>"; };
		7A83066F1C051A0C00FE4C43 /* Info.plist */ = {isa = PBXFileReference; lastKnownFileType = text.plist.xml; path = Info.plist; sourceTree = "<group>"; };
		7A8306741C051A0C00FE4C43 /* MyFirstAppUITests.xctest */ = {isa = PBXFileReference; explicitFileType = wrapper.cfbundle; includeInIndex = 0; path = MyFirstAppUITests.xctest; sourceTree = BUILT_PRODUCTS_DIR; };
		7A8306781C051A0C00FE4C43 /* MyFirstAppUITests.swift */ = {isa = PBXFileReference; lastKnownFileType = sourcecode.swift; path = MyFirstAppUITests.swift; sourceTree = "<group>"; };
		7A83067A1C051A0C00FE4C43 /* Info.plist */ = {isa = PBXFileReference; lastKnownFileType = text.plist.xml; path = Info.plist; sourceTree = "<group>"; };
/* End PBXFileReference section */

/* Begin PBXFrameworksBuildPhase section */
		7A83064F1C051A0C00FE4C43 /* Frameworks */ = {
			isa = PBXFrameworksBuildPhase;
			buildActionMask = 2147483647;
			files = (
			);
			runOnlyForDeploymentPostprocessing = 0;
		};
		7A8306661C051A0C00FE4C43 /* Frameworks */ = {
			isa = PBXFrameworksBuildPhase;
			buildActionMask = 2147483647;
			files = (
			);
			runOnlyForDeploymentPostprocessing = 0;
		};
		7A8306711C051A0C00FE4C43 /* Frameworks */ = {
			isa = PBXFrameworksBuildPhase;
			buildActionMask = 2147483647;
			files = (
			);
			runOnlyForDeploymentPostprocessing = 0;
		};
/* End PBXFrameworksBuildPhase section */

/* Begin PBXGroup section */
		7A8306491C051A0C00FE4C43 = {
			isa = PBXGroup;
			children = (
				7A8306541C051A0C00FE4C43 /* MyFirstApp */,
				7A83066C1C051A0C00FE4C43 /* MyFirstAppTests */,
				7A8306771C051A0C00FE4C43 /* MyFirstAppUITests */,
				7A8306531C051A0C00FE4C43 /* Products */,
			);
			sourceTree = "<group>";
		};
		7A8306531C051A0C00FE4C43 /* Products */ = {
			isa = PBXGroup;
			children = (
				7A8306521C051A0C00FE4C43 /* MyFirstApp.app */,
				7A8306691C051A0C00FE4C43 /* MyFirstAppTests.xctest */,
				7A8306741C051A0C00FE4C43 /* MyFirstAppUITests.xctest */,
			);
			name = Products;
			sourceTree = "<group>";
		};
		7A8306541C051A0C00FE4C43 /* MyFirstApp */ = {
			isa = PBXGroup;
			children = (
				7A8306551C051A0C00FE4C43 /* AppDelegate.swift */,
				7A8306571C051A0C00FE4C43 /* ViewController.swift */,
				7A8306591C051A0C00FE4C43 /* Main.storyboard */,
				7A83065F1C051A0C00FE4C43 /* Assets.xcassets */,
				7A8306611C051A0C00FE4C43 /* LaunchScreen.storyboard */,
				7A8306641C051A0C00FE4C43 /* Info.plist */,
				7A83065C1C051A0C00FE4C43 /* MyFirstApp.xcdatamodeld */,
			);
			path = MyFirstApp;
			sourceTree = "<group>";
		};
		7A83066C1C051A0C00FE4C43 /* MyFirstAppTests */ = {
			isa = PBXGroup;
			children = (
				7A83066D1C051A0C00FE4C43 /* MyFirstAppTests.swift */,
				7A83066F1C051A0C00FE4C43 /* Info.plist */,
			);
			path = MyFirstAppTests;
			sourceTree = "<group>";
		};
		7A8306771C051A0C00FE4C43 /* MyFirstAppUITests */ = {
			isa = PBXGroup;
			children = (
				7A8306781C051A0C00FE4C43 /* MyFirstAppUITests.swift */,
				7A83067A1C051A0C00FE4C43 /* Info.plist */,
			);
			path = MyFirstAppUITests;
			sourceTree = "<group>";
		};
/* End PBXGroup section */

/* Begin PBXNativeTarget section */
		7A8306511C051A0C00FE4C43 /* MyFirstApp */ = {
			isa = PBXNativeTarget;
			buildConfigurationList = 7A83067D1C051A0C00FE4C43 /* Build configuration list for PBXNativeTarget "MyFirstApp" */;
			buildPhases = (
				7A83064E1C051A0C00FE4C43 /* Sources */,
				7A83064F1C051A0C00FE4C43 /* Frameworks */,
				7A8306501C051A0C00FE4C43 /* Resources */,
			);
			buildRules = (
			);
			dependencies = (
			);
			name = MyFirstApp;
			productName = MyFirstApp;
			productReference = 7A8306521C051A0C00FE4C43 /* MyFirstApp.app */;
			productType = "com.apple.product-type.application";
		};
		7A8306681C051A0C00FE4C43 /* MyFirstAppTests */ = {
			isa = PBXNativeTarget;
			buildConfigurationList = 7A8306801C051A0C00FE4C43 /* Build configuration list for PBXNativeTarget "MyFirstAppTests" */;
			buildPhases = (
				7A8306651C051A0C00FE4C43 /* Sources */,
				7A8306661C051A0C00FE4C43 /* Frameworks */,
				7A8306671C051A0C00FE4C43 /* Resources */,
			);
			buildRules = (
			);
			dependencies = (
				7A83066B1C051A0C00FE4C43 /* PBXTargetDependency */,
			);
			name = MyFirstAppTests;
			productName = MyFirstAppTests;
			productReference = 7A8306691C051A0C00FE4C43 /* MyFirstAppTests.xctest */;
			productType = "com.apple.product-type.bundle.unit-test";
		};
		7A8306731C051A0C00FE4C43 /* MyFirstAppUITests */ = {
			isa = PBXNativeTarget;
			buildConfigurationList = 7A8306831C051A0C00FE4C43 /* Build configuration list for PBXNativeTarget "MyFirstAppUITests" */;
			buildPhases = (
				7A8306701C051A0C00FE4C43 /* Sources */,
				7A8306711C051A0C00FE4C43 /* Frameworks */,
				7A8306721C051A0C00FE4C43 /* Resources */,
			);
			buildRules = (
			);
			dependencies = (
				7A8306761C051A0C00FE4C43 /* PBXTargetDependency */,
			);
			name = MyFirstAppUITests;
			productName = MyFirstAppUITests;
			productReference = 7A8306741C051A0C00FE4C43 /* MyFirstAppUITests.xctest */;
			productType = "com.apple.product-type.bundle.ui-testing";
		};
/* End PBXNativeTarget section */

/* Begin PBXProject section */
		7A83064A1C051A0C00FE4C43 /* Project object */ = {
			isa = PBXProject;
			attributes = {
				LastSwiftUpdateCheck = 0710;
				LastUpgradeCheck = 0710;
				ORGANIZATIONNAME = "Nikita Fill";
				TargetAttributes = {
					7A8306511C051A0C00FE4C43 = {
						CreatedOnToolsVersion = 7.1.1;
						DevelopmentTeam = JWNR4GM886;
					};
					7A8306681C051A0C00FE4C43 = {
						CreatedOnToolsVersion = 7.1.1;
						DevelopmentTeam = JWNR4GM886;
						TestTargetID = 7A8306511C051A0C00FE4C43;
					};
					7A8306731C051A0C00FE4C43 = {
						CreatedOnToolsVersion = 7.1.1;
						DevelopmentTeam = JWNR4GM886;
						TestTargetID = 7A8306511C051A0C00FE4C43;
					};
				};
			};
			buildConfigurationList = 7A83064D1C051A0C00FE4C43 /* Build configuration list for PBXProject "MyFirstApp" */;
			compatibilityVersion = "Xcode 3.2";
			developmentRegion = English;
			hasScannedForEncodings = 0;
			knownRegions = (
				en,
				Base,
			);
			mainGroup = 7A8306491C051A0C00FE4C43;
			productRefGroup = 7A8306531C051A0C00FE4C43 /* Products */;
			projectDirPath = "";
			projectRoot = "";
			targets = (
				7A8306511C051A0C00FE4C43 /* MyFirstApp */,
				7A8306681C051A0C00FE4C43 /* MyFirstAppTests */,
				7A8306731C051A0C00FE4C43 /* MyFirstAppUITests */,
			);
		};
/* End PBXProject section */

/* Begin PBXResourcesBuildPhase section */
		7A8306501C051A0C00FE4C43 /* Resources */ = {
			isa = PBXResourcesBuildPhase;
			buildActionMask = 2147483647;
			files = (
				7A8306631C051A0C00FE4C43 /* LaunchScreen.storyboard in Resources */,
				7A8306601C051A0C00FE4C43 /* Assets.xcassets in Resources */,
				7A83065B1C051A0C00FE4C43 /* Main.storyboard in Resources */,
			);
			runOnlyForDeploymentPostprocessing = 0;
		};
		7A8306671C051A0C00FE4C43 /* Resources */ = {
			isa = PBXResourcesBuildPhase;
			buildActionMask = 2147483647;
			files = (
			);
			runOnlyForDeploymentPostprocessing = 0;
		};
		7A8306721C051A0C00FE4C43 /* Resources */ = {
			isa = PBXResourcesBuildPhase;
			buildActionMask = 2147483647;
			files = (
			);
			runOnlyForDeploymentPostprocessing = 0;
		};
/* End PBXResourcesBuildPhase section */

/* Begin PBXSourcesBuildPhase section */
		7A83064E1C051A0C00FE4C43 /* Sources */ = {
			isa = PBXSourcesBuildPhase;
			buildActionMask = 2147483647;
			files = (
				7A8306581C051A0C00FE4C43 /* ViewController.swift in Sources */,
				7A83065E1C051A0C00FE4C43 /* MyFirstApp.xcdatamodeld in Sources */,
				7A8306561C051A0C00FE4C43 /* AppDelegate.swift in Sources */,
			);
			runOnlyForDeploymentPostprocessing = 0;
		};
		7A8306651C051A0C00FE4C43 /* Sources */ = {
			isa = PBXSourcesBuildPhase;
			buildActionMask = 2147483647;
			files = (
				7A83066E1C051A0C00FE4C43 /* MyFirstAppTests.swift in Sources */,
			);
			runOnlyForDeploymentPostprocessing = 0;
		};
		7A8306701C051A0C00FE4C43 /* Sources */ = {
			isa = PBXSourcesBuildPhase;
			buildActionMask = 2147483647;
			files = (
				7A8306791C051A0C00FE4C43 /* MyFirstAppUITests.swift in Sources */,
			);
			runOnlyForDeploymentPostprocessing = 0;
		};
/* End PBXSourcesBuildPhase section */

/* Begin PBXTargetDependency section */
		7A83066B1C051A0C00FE4C43 /* PBXTargetDependency */ = {
			isa = PBXTargetDependency;
			target = 7A8306511C051A0C00FE4C43 /* MyFirstApp */;
			targetProxy = 7A83066A1C051A0C00FE4C43 /* PBXContainerItemProxy */;
		};
		7A8306761C051A0C00FE4C43 /* PBXTargetDependency */ = {
			isa = PBXTargetDependency;
			target = 7A8306511C051A0C00FE4C43 /* MyFirstApp */;
			targetProxy = 7A8306751C051A0C00FE4C43 /* PBXContainerItemProxy */;
		};
/* End PBXTargetDependency section */

/* Begin PBXVariantGroup section */
		7A8306591C051A0C00FE4C43 /* Main.storyboard */ = {
			isa = PBXVariantGroup;
			children = (
				7A83065A1C051A0C00FE4C43 /* Base */,
			);
			name = Main.storyboard;
			sourceTree = "<group>";
		};
		7A8306611C051A0C00FE4C43 /* LaunchScreen.storyboard */ = {
			isa = PBXVariantGroup;
			children = (
				7A8306621C051A0C00FE4C43 /* Base */,
			);
			name = LaunchScreen.storyboard;
			sourceTree = "<group>";
		};
/* End PBXVariantGroup section */

/* Begin XCBuildConfiguration section */
		7A83067B1C051A0C00FE4C43 /* Debug */ = {
			isa = XCBuildConfiguration;
			buildSettings = {
				ALWAYS_SEARCH_USER_PATHS = NO;
				CLANG_CXX_LANGUAGE_STANDARD = "gnu++0x";
				CLANG_CXX_LIBRARY = "libc++";
				CLANG_ENABLE_MODULES = YES;
				CLANG_ENABLE_OBJC_ARC = YES;
				CLANG_WARN_BOOL_CONVERSION = YES;
				CLANG_WARN_CONSTANT_CONVERSION = YES;
				CLANG_WARN_DIRECT_OBJC_ISA_USAGE = YES_ERROR;
				CLANG_WARN_EMPTY_BODY = YES;
				CLANG_WARN_ENUM_CONVERSION = YES;
				CLANG_WARN_INT_CONVERSION = YES;
				CLANG_WARN_OBJC_ROOT_CLASS = YES_ERROR;
				CLANG_WARN_UNREACHABLE_CODE = YES;
				CLANG_WARN__DUPLICATE_METHOD_MATCH = YES;
				"CODE_SIGN_IDENTITY[sdk=iphoneos*]" = "iPhone Developer";
				COPY_PHASE_STRIP = NO;
				DEBUG_INFORMATION_FORMAT = dwarf;
				ENABLE_STRICT_OBJC_MSGSEND = YES;
				ENABLE_TESTABILITY = YES;
				GCC_C_LANGUAGE_STANDARD = gnu99;
				GCC_DYNAMIC_NO_PIC = NO;
				GCC_NO_COMMON_BLOCKS = YES;
				GCC_OPTIMIZATION_LEVEL = 0;
				GCC_PREPROCESSOR_DEFINITIONS = (
					"DEBUG=1",
					"$(inherited)",
				);
				GCC_WARN_64_TO_32_BIT_CONVERSION = YES;
				GCC_WARN_ABOUT_RETURN_TYPE = YES_ERROR;
				GCC_WARN_UNDECLARED_SELECTOR = YES;
				GCC_WARN_UNINITIALIZED_AUTOS = YES_AGGRESSIVE;
				GCC_WARN_UNUSED_FUNCTION = YES;
				GCC_WARN_UNUSED_VARIABLE = YES;
				IPHONEOS_DEPLOYMENT_TARGET = 9.1;
				MTL_ENABLE_DEBUG_INFO = YES;
				ONLY_ACTIVE_ARCH = YES;
				SDKROOT = iphoneos;
				SWIFT_OPTIMIZATION_LEVEL = "-Onone";
				TARGETED_DEVICE_FAMILY = "1,2";
			};
			name = Debug;
		};
		7A83067C1C051A0C00FE4C43 /* Release */ = {
			isa = XCBuildConfiguration;
			buildSettings = {
				ALWAYS_SEARCH_USER_PATHS = NO;
				CLANG_CXX_LANGUAGE_STANDARD = "gnu++0x";
				CLANG_CXX_LIBRARY = "libc++";
				CLANG_ENABLE_MODULES = YES;
				CLANG_ENABLE_OBJC_ARC = YES;
				CLANG_WARN_BOOL_CONVERSION = YES;
				CLANG_WARN_CONSTANT_CONVERSION = YES;
				CLANG_WARN_DIRECT_OBJC_ISA_USAGE = YES_ERROR;
				CLANG_WARN_EMPTY_BODY = YES;
				CLANG_WARN_ENUM_CONVERSION = YES;
				CLANG_WARN_INT_CONVERSION = YES;
				CLANG_WARN_OBJC_ROOT_CLASS = YES_ERROR;
				CLANG_WARN_UNREACHABLE_CODE = YES;
				CLANG_WARN__DUPLICATE_METHOD_MATCH = YES;
				"CODE_SIGN_IDENTITY[sdk=iphoneos*]" = "iPhone Developer";
				COPY_PHASE_STRIP = NO;
				DEBUG_INFORMATION_FORMAT = "dwarf-with-dsym";
				ENABLE_NS_ASSERTIONS = NO;
				ENABLE_STRICT_OBJC_MSGSEND = YES;
				GCC_C_LANGUAGE_STANDARD = gnu99;
				GCC_NO_COMMON_BLOCKS = YES;
				GCC_WARN_64_TO_32_BIT_CONVERSION = YES;
				GCC_WARN_ABOUT_RETURN_TYPE = YES_ERROR;
				GCC_WARN_UNDECLARED_SELECTOR = YES;
				GCC_WARN_UNINITIALIZED_AUTOS = YES_AGGRESSIVE;
				GCC_WARN_UNUSED_FUNCTION = YES;
				GCC_WARN_UNUSED_VARIABLE = YES;
				IPHONEOS_DEPLOYMENT_TARGET = 9.1;
				MTL_ENABLE_DEBUG_INFO = NO;
				SDKROOT = iphoneos;
				TARGETED_DEVICE_FAMILY = "1,2";
				VALIDATE_PRODUCT = YES;
			};
			name = Release;
		};
		7A83067E1C051A0C00FE4C43 /* Debug */ = {
			isa = XCBuildConfiguration;
			buildSettings = {
				ASSETCATALOG_COMPILER_APPICON_NAME = AppIcon;
				INFOPLIST_FILE = MyFirstApp/Info.plist;
				LD_RUNPATH_SEARCH_PATHS = "$(inherited) @executable_path/Frameworks";
				PRODUCT_BUNDLE_IDENTIFIER = com.speedyunicorn.MyFirstApp;
				PRODUCT_NAME = "$(TARGET_NAME)";
			};
			name = Debug;
		};
		7A83067F1C051A0C00FE4C43 /* Release */ = {
			isa = XCBuildConfiguration;
			buildSettings = {
				ASSETCATALOG_COMPILER_APPICON_NAME = AppIcon;
				INFOPLIST_FILE = MyFirstApp/Info.plist;
				LD_RUNPATH_SEARCH_PATHS = "$(inherited) @executable_path/Frameworks";
				PRODUCT_BUNDLE_IDENTIFIER = com.speedyunicorn.MyFirstApp;
				PRODUCT_NAME = "$(TARGET_NAME)";
			};
			name = Release;
		};
		7A8306811C051A0C00FE4C43 /* Debug */ = {
			isa = XCBuildConfiguration;
			buildSettings = {
				BUNDLE_LOADER = "$(TEST_HOST)";
				INFOPLIST_FILE = MyFirstAppTests/Info.plist;
				LD_RUNPATH_SEARCH_PATHS = "$(inherited) @executable_path/Frameworks @loader_path/Frameworks";
				PRODUCT_BUNDLE_IDENTIFIER = com.speedyunicorn.MyFirstAppTests;
				PRODUCT_NAME = "$(TARGET_NAME)";
				TEST_HOST = "$(BUILT_PRODUCTS_DIR)/MyFirstApp.app/MyFirstApp";
			};
			name = Debug;
		};
		7A8306821C051A0C00FE4C43 /* Release */ = {
			isa = XCBuildConfiguration;
			buildSettings = {
				BUNDLE_LOADER = "$(TEST_HOST)";
				INFOPLIST_FILE = MyFirstAppTests/Info.plist;
				LD_RUNPATH_SEARCH_PATHS = "$(inherited) @executable_path/Frameworks @loader_path/Frameworks";
				PRODUCT_BUNDLE_IDENTIFIER = com.speedyunicorn.MyFirstAppTests;
				PRODUCT_NAME = "$(TARGET_NAME)";
				TEST_HOST = "$(BUILT_PRODUCTS_DIR)/MyFirstApp.app/MyFirstApp";
			};
			name = Release;
		};
		7A8306841C051A0C00FE4C43 /* Debug */ = {
			isa = XCBuildConfiguration;
			buildSettings = {
				INFOPLIST_FILE = MyFirstAppUITests/Info.plist;
				LD_RUNPATH_SEARCH_PATHS = "$(inherited) @executable_path/Frameworks @loader_path/Frameworks";
				PRODUCT_BUNDLE_IDENTIFIER = com.speedyunicorn.MyFirstAppUITests;
				PRODUCT_NAME = "$(TARGET_NAME)";
				TEST_TARGET_NAME = MyFirstApp;
				USES_XCTRUNNER = YES;
			};
			name = Debug;
		};
		7A8306851C051A0C00FE4C43 /* Release */ = {
			isa = XCBuildConfiguration;
			buildSettings = {
				INFOPLIST_FILE = MyFirstAppUITests/Info.plist;
				LD_RUNPATH_SEARCH_PATHS = "$(inherited) @executable_path/Frameworks @loader_path/Frameworks";
				PRODUCT_BUNDLE_IDENTIFIER = com.speedyunicorn.MyFirstAppUITests;
				PRODUCT_NAME = "$(TARGET_NAME)";
				TEST_TARGET_NAME = MyFirstApp;
				USES_XCTRUNNER = YES;
			};
			name = Release;
		};
/* End XCBuildConfiguration section */

/* Begin XCConfigurationList section */
		7A83064D1C051A0C00FE4C43 /* Build configuration list for PBXProject "MyFirstApp" */ = {
			isa = XCConfigurationList;
			buildConfigurations = (
				7A83067B1C051A0C00FE4C43 /* Debug */,
				7A83067C1C051A0C00FE4C43 /* Release */,
			);
			defaultConfigurationIsVisible = 0;
			defaultConfigurationName = Release;
		};
		7A83067D1C051A0C00FE4C43 /* Build configuration list for PBXNativeTarget "MyFirstApp" */ = {
			isa = XCConfigurationList;
			buildConfigurations = (
				7A83067E1C051A0C00FE4C43 /* Debug */,
				7A83067F1C051A0C00FE4C43 /* Release */,
			);
			defaultConfigurationIsVisible = 0;
		};
		7A8306801C051A0C00FE4C43 /* Build configuration list for PBXNativeTarget "MyFirstAppTests" */ = {
			isa = XCConfigurationList;
			buildConfigurations = (
				7A8306811C051A0C00FE4C43 /* Debug */,
				7A8306821C051A0C00FE4C43 /* Release */,
			);
			defaultConfigurationIsVisible = 0;
		};
		7A8306831C051A0C00FE4C43 /* Build configuration list for PBXNativeTarget "MyFirstAppUITests" */ = {
			isa = XCConfigurationList;
			buildConfigurations = (
				7A8306841C051A0C00FE4C43 /* Debug */,
				7A8306851C051A0C00FE4C43 /* Release */,
			);
			defaultConfigurationIsVisible = 0;
		};
/* End XCConfigurationList section */

/* Begin XCVersionGroup section */
		7A83065C1C051A0C00FE4C43 /* MyFirstApp.xcdatamodeld */ = {
			isa = XCVersionGroup;
			children = (
				7A83065D1C051A0C00FE4C43 /* MyFirstApp.xcdatamodel */,
			);
			currentVersion = 7A83065D1C051A0C00FE4C43 /* MyFirstApp.xcdatamodel */;
			path = MyFirstApp.xcdatamodeld;
			sourceTree = "<group>";
			versionGroupType = wrapper.xcdatamodel;
		};
/* End XCVersionGroup section */
	};
	rootObject = 7A83064A1C051A0C00FE4C43 /* Project object */;
}
